{
  "name": "cli-pkg-demo",
  "version": "1.0.1",
  "lockfileVersion": 1,
  "requires": true,
  "dependencies": {
    "@js-fu/component-pkg": {
      "version": "1.0.2",
      "resolved": "https://registry.npmjs.org/@js-fu/component-pkg/-/component-pkg-1.0.2.tgz",
      "integrity": "sha512-Z+k9qnwweeXPVlJ2k2Hwz1dN3GAk2T6inBMkvvGfSbwgxb7Mt6/wcps53dMcUa5hUAVHgE7Uacq2EF5dq5Bwhg=="
    }
  }
}
