{
  "name": "cli-pkg-demo",
  "version": "1.0.1",
  "lockfileVersion": 1,
  "requires": true,
  "dependencies": {
    "@js-fu/cli-pkg": {
      "version": "1.0.2",
      "resolved": "https://registry.npmjs.org/@js-fu/cli-pkg/-/cli-pkg-1.0.2.tgz",
      "integrity": "sha512-NI/6nFNo6l2a/XnFD0vmc+d3NEFXoq8PN9TqEv6eXOMqJ+m8tOM7xRTRka5RsDQJtolS/Dxg5RDCPtxiUoxRyw==",
      "dev": true
    }
  }
}
